// !$*UTF8*$!
{
	archiveVersion = 1;
	classes = {
	};
	objectVersion = 46;
	objects = {

/* Begin PBXBuildFile section */
		C5BC0F871ADBA6C1001B9D3A /* main.m in Sources */ = {isa = PBXBuildFile; fileRef = C5BC0F861ADBA6C1001B9D3A /* main.m */; };
		C5BC0F8A1ADBA6C1001B9D3A /* AppDelegate.m in Sources */ = {isa = PBXBuildFile; fileRef = C5BC0F891ADBA6C1001B9D3A /* AppDelegate.m */; };
		C5BC0F8D1ADBA6C1001B9D3A /* ViewController.m in Sources */ = {isa = PBXBuildFile; fileRef = C5BC0F8C1ADBA6C1001B9D3A /* ViewController.m */; };
		C5BC0F901ADBA6C1001B9D3A /* Main.storyboard in Resources */ = {isa = PBXBuildFile; fileRef = C5BC0F8E1ADBA6C1001B9D3A /* Main.storyboard */; };
		C5BC0F921ADBA6C1001B9D3A /* Images.xcassets in Resources */ = {isa = PBXBuildFile; fileRef = C5BC0F911ADBA6C1001B9D3A /* Images.xcassets */; };
		C5BC0F951ADBA6C1001B9D3A /* LaunchScreen.xib in Resources */ = {isa = PBXBuildFile; fileRef = C5BC0F931ADBA6C1001B9D3A /* LaunchScreen.xib */; };
		C5BC0FA11ADBA6C2001B9D3A /* PHAM_CHI_CONG_TDDTests.m in Sources */ = {isa = PBXBuildFile; fileRef = C5BC0FA01ADBA6C2001B9D3A /* PHAM_CHI_CONG_TDDTests.m */; };
/* End PBXBuildFile section */

/* Begin PBXContainerItemProxy section */
		C5BC0F9B1ADBA6C1001B9D3A /* PBXContainerItemProxy */ = {
			isa = PBXContainerItemProxy;
			containerPortal = C5BC0F791ADBA6C1001B9D3A /* Project object */;
			proxyType = 1;
			remoteGlobalIDString = C5BC0F801ADBA6C1001B9D3A;
			remoteInfo = PHAM_CHI_CONG_TDD;
		};
/* End PBXContainerItemProxy section */

/* Begin PBXFileReference section */
		C5BC0F811ADBA6C1001B9D3A /* PHAM_CHI_CONG_TDD.app */ = {isa = PBXFileReference; explicitFileType = wrapper.application; includeInIndex = 0; path = PHAM_CHI_CONG_TDD.app; sourceTree = BUILT_PRODUCTS_DIR; };
		C5BC0F851ADBA6C1001B9D3A /* Info.plist */ = {isa = PBXFileReference; lastKnownFileType = text.plist.xml; path = Info.plist; sourceTree = "<group>"; };
		C5BC0F861ADBA6C1001B9D3A /* main.m */ = {isa = PBXFileReference; lastKnownFileType = sourcecode.c.objc; path = main.m; sourceTree = "<group>"; };
		C5BC0F881ADBA6C1001B9D3A /* AppDelegate.h */ = {isa = PBXFileReference; lastKnownFileType = sourcecode.c.h; path = AppDelegate.h; sourceTree = "<group>"; };
		C5BC0F891ADBA6C1001B9D3A /* AppDelegate.m */ = {isa = PBXFileReference; lastKnownFileType = sourcecode.c.objc; path = AppDelegate.m; sourceTree = "<group>"; };
		C5BC0F8B1ADBA6C1001B9D3A /* ViewController.h */ = {isa = PBXFileReference; lastKnownFileType = sourcecode.c.h; path = ViewController.h; sourceTree = "<group>"; };
		C5BC0F8C1ADBA6C1001B9D3A /* ViewController.m */ = {isa = PBXFileReference; lastKnownFileType = sourcecode.c.objc; path = ViewController.m; sourceTree = "<group>"; };
		C5BC0F8F1ADBA6C1001B9D3A /* Base */ = {isa = PBXFileReference; lastKnownFileType = file.storyboard; name = Base; path = Base.lproj/Main.storyboard; sourceTree = "<group>"; };
		C5BC0F911ADBA6C1001B9D3A /* Images.xcassets */ = {isa = PBXFileReference; lastKnownFileType = folder.assetcatalog; path = Images.xcassets; sourceTree = "<group>"; };
		C5BC0F941ADBA6C1001B9D3A /* Base */ = {isa = PBXFileReference; lastKnownFileType = file.xib; name = Base; path = Base.lproj/LaunchScreen.xib; sourceTree = "<group>"; };
		C5BC0F9A1ADBA6C1001B9D3A /* PHAM_CHI_CONG_TDDTests.xctest */ = {isa = PBXFileReference; explicitFileType = wrapper.cfbundle; includeInIndex = 0; path = PHAM_CHI_CONG_TDDTests.xctest; sourceTree = BUILT_PRODUCTS_DIR; };
		C5BC0F9F1ADBA6C1001B9D3A /* Info.plist */ = {isa = PBXFileReference; lastKnownFileType = text.plist.xml; path = Info.plist; sourceTree = "<group>"; };
		C5BC0FA01ADBA6C2001B9D3A /* PHAM_CHI_CONG_TDDTests.m */ = {isa = PBXFileReference; lastKnownFileType = sourcecode.c.objc; path = PHAM_CHI_CONG_TDDTests.m; sourceTree = "<group>"; };
/* End PBXFileReference section */

/* Begin PBXFrameworksBuildPhase section */
		C5BC0F7E1ADBA6C1001B9D3A /* Frameworks */ = {
			isa = PBXFrameworksBuildPhase;
			buildActionMask = 2147483647;
			files = (
			);
			runOnlyForDeploymentPostprocessing = 0;
		};
		C5BC0F971ADBA6C1001B9D3A /* Frameworks */ = {
			isa = PBXFrameworksBuildPhase;
			buildActionMask = 2147483647;
			files = (
			);
			runOnlyForDeploymentPostprocessing = 0;
		};
/* End PBXFrameworksBuildPhase section */

/* Begin PBXGroup section */
		C5BC0F781ADBA6C1001B9D3A = {
			isa = PBXGroup;
			children = (
				C5BC0F831ADBA6C1001B9D3A /* PHAM_CHI_CONG_TDD */,
				C5BC0F9D1ADBA6C1001B9D3A /* PHAM_CHI_CONG_TDDTests */,
				C5BC0F821ADBA6C1001B9D3A /* Products */,
			);
			sourceTree = "<group>";
		};
		C5BC0F821ADBA6C1001B9D3A /* Products */ = {
			isa = PBXGroup;
			children = (
				C5BC0F811ADBA6C1001B9D3A /* PHAM_CHI_CONG_TDD.app */,
				C5BC0F9A1ADBA6C1001B9D3A /* PHAM_CHI_CONG_TDDTests.xctest */,
			);
			name = Products;
			sourceTree = "<group>";
		};
		C5BC0F831ADBA6C1001B9D3A /* PHAM_CHI_CONG_TDD */ = {
			isa = PBXGroup;
			children = (
				C5BC0F881ADBA6C1001B9D3A /* AppDelegate.h */,
				C5BC0F891ADBA6C1001B9D3A /* AppDelegate.m */,
				C5BC0F8B1ADBA6C1001B9D3A /* ViewController.h */,
				C5BC0F8C1ADBA6C1001B9D3A /* ViewController.m */,
				C5BC0F8E1ADBA6C1001B9D3A /* Main.storyboard */,
				C5BC0F911ADBA6C1001B9D3A /* Images.xcassets */,
				C5BC0F931ADBA6C1001B9D3A /* LaunchScreen.xib */,
				C5BC0F841ADBA6C1001B9D3A /* Supporting Files */,
			);
			path = PHAM_CHI_CONG_TDD;
			sourceTree = "<group>";
		};
		C5BC0F841ADBA6C1001B9D3A /* Supporting Files */ = {
			isa = PBXGroup;
			children = (
				C5BC0F851ADBA6C1001B9D3A /* Info.plist */,
				C5BC0F861ADBA6C1001B9D3A /* main.m */,
			);
			name = "Supporting Files";
			sourceTree = "<group>";
		};
		C5BC0F9D1ADBA6C1001B9D3A /* PHAM_CHI_CONG_TDDTests */ = {
			isa = PBXGroup;
			children = (
				C5BC0FA01ADBA6C2001B9D3A /* PHAM_CHI_CONG_TDDTests.m */,
				C5BC0F9E1ADBA6C1001B9D3A /* Supporting Files */,
			);
			path = PHAM_CHI_CONG_TDDTests;
			sourceTree = "<group>";
		};
		C5BC0F9E1ADBA6C1001B9D3A /* Supporting Files */ = {
			isa = PBXGroup;
			children = (
				C5BC0F9F1ADBA6C1001B9D3A /* Info.plist */,
			);
			name = "Supporting Files";
			sourceTree = "<group>";
		};
/* End PBXGroup section */

/* Begin PBXNativeTarget section */
		C5BC0F801ADBA6C1001B9D3A /* PHAM_CHI_CONG_TDD */ = {
			isa = PBXNativeTarget;
			buildConfigurationList = C5BC0FA41ADBA6C2001B9D3A /* Build configuration list for PBXNativeTarget "PHAM_CHI_CONG_TDD" */;
			buildPhases = (
				C5BC0F7D1ADBA6C1001B9D3A /* Sources */,
				C5BC0F7E1ADBA6C1001B9D3A /* Frameworks */,
				C5BC0F7F1ADBA6C1001B9D3A /* Resources */,
			);
			buildRules = (
			);
			dependencies = (
			);
			name = PHAM_CHI_CONG_TDD;
			productName = PHAM_CHI_CONG_TDD;
			productReference = C5BC0F811ADBA6C1001B9D3A /* PHAM_CHI_CONG_TDD.app */;
			productType = "com.apple.product-type.application";
		};
		C5BC0F991ADBA6C1001B9D3A /* PHAM_CHI_CONG_TDDTests */ = {
			isa = PBXNativeTarget;
			buildConfigurationList = C5BC0FA71ADBA6C2001B9D3A /* Build configuration list for PBXNativeTarget "PHAM_CHI_CONG_TDDTests" */;
			buildPhases = (
				C5BC0F961ADBA6C1001B9D3A /* Sources */,
				C5BC0F971ADBA6C1001B9D3A /* Frameworks */,
				C5BC0F981ADBA6C1001B9D3A /* Resources */,
			);
			buildRules = (
			);
			dependencies = (
				C5BC0F9C1ADBA6C1001B9D3A /* PBXTargetDependency */,
			);
			name = PHAM_CHI_CONG_TDDTests;
			productName = PHAM_CHI_CONG_TDDTests;
			productReference = C5BC0F9A1ADBA6C1001B9D3A /* PHAM_CHI_CONG_TDDTests.xctest */;
			productType = "com.apple.product-type.bundle.unit-test";
		};
/* End PBXNativeTarget section */

/* Begin PBXProject section */
		C5BC0F791ADBA6C1001B9D3A /* Project object */ = {
			isa = PBXProject;
			attributes = {
				LastUpgradeCheck = 0610;
				ORGANIZATIONNAME = "Pham Chi Cong";
				TargetAttributes = {
					C5BC0F801ADBA6C1001B9D3A = {
						CreatedOnToolsVersion = 6.1.1;
					};
					C5BC0F991ADBA6C1001B9D3A = {
						CreatedOnToolsVersion = 6.1.1;
						TestTargetID = C5BC0F801ADBA6C1001B9D3A;
					};
				};
			};
			buildConfigurationList = C5BC0F7C1ADBA6C1001B9D3A /* Build configuration list for PBXProject "PHAM_CHI_CONG_TDD" */;
			compatibilityVersion = "Xcode 3.2";
			developmentRegion = English;
			hasScannedForEncodings = 0;
			knownRegions = (
				en,
				Base,
			);
			mainGroup = C5BC0F781ADBA6C1001B9D3A;
			productRefGroup = C5BC0F821ADBA6C1001B9D3A /* Products */;
			projectDirPath = "";
			projectRoot = "";
			targets = (
				C5BC0F801ADBA6C1001B9D3A /* PHAM_CHI_CONG_TDD */,
				C5BC0F991ADBA6C1001B9D3A /* PHAM_CHI_CONG_TDDTests */,
			);
		};
/* End PBXProject section */

/* Begin PBXResourcesBuildPhase section */
		C5BC0F7F1ADBA6C1001B9D3A /* Resources */ = {
			isa = PBXResourcesBuildPhase;
			buildActionMask = 2147483647;
			files = (
				C5BC0F901ADBA6C1001B9D3A /* Main.storyboard in Resources */,
				C5BC0F951ADBA6C1001B9D3A /* LaunchScreen.xib in Resources */,
				C5BC0F921ADBA6C1001B9D3A /* Images.xcassets in Resources */,
			);
			runOnlyForDeploymentPostprocessing = 0;
		};
		C5BC0F981ADBA6C1001B9D3A /* Resources */ = {
			isa = PBXResourcesBuildPhase;
			buildActionMask = 2147483647;
			files = (
			);
			runOnlyForDeploymentPostprocessing = 0;
		};
/* End PBXResourcesBuildPhase section */

/* Begin PBXSourcesBuildPhase section */
		C5BC0F7D1ADBA6C1001B9D3A /* Sources */ = {
			isa = PBXSourcesBuildPhase;
			buildActionMask = 2147483647;
			files = (
				C5BC0F8D1ADBA6C1001B9D3A /* ViewController.m in Sources */,
				C5BC0F8A1ADBA6C1001B9D3A /* AppDelegate.m in Sources */,
				C5BC0F871ADBA6C1001B9D3A /* main.m in Sources */,
			);
			runOnlyForDeploymentPostprocessing = 0;
		};
		C5BC0F961ADBA6C1001B9D3A /* Sources */ = {
			isa = PBXSourcesBuildPhase;
			buildActionMask = 2147483647;
			files = (
				C5BC0FA11ADBA6C2001B9D3A /* PHAM_CHI_CONG_TDDTests.m in Sources */,
			);
			runOnlyForDeploymentPostprocessing = 0;
		};
/* End PBXSourcesBuildPhase section */

/* Begin PBXTargetDependency section */
		C5BC0F9C1ADBA6C1001B9D3A /* PBXTargetDependency */ = {
			isa = PBXTargetDependency;
			target = C5BC0F801ADBA6C1001B9D3A /* PHAM_CHI_CONG_TDD */;
			targetProxy = C5BC0F9B1ADBA6C1001B9D3A /* PBXContainerItemProxy */;
		};
/* End PBXTargetDependency section */

/* Begin PBXVariantGroup section */
		C5BC0F8E1ADBA6C1001B9D3A /* Main.storyboard */ = {
			isa = PBXVariantGroup;
			children = (
				C5BC0F8F1ADBA6C1001B9D3A /* Base */,
			);
			name = Main.storyboard;
			sourceTree = "<group>";
		};
		C5BC0F931ADBA6C1001B9D3A /* LaunchScreen.xib */ = {
			isa = PBXVariantGroup;
			children = (
				C5BC0F941ADBA6C1001B9D3A /* Base */,
			);
			name = LaunchScreen.xib;
			sourceTree = "<group>";
		};
/* End PBXVariantGroup section */

/* Begin XCBuildConfiguration section */
		C5BC0FA21ADBA6C2001B9D3A /* Debug */ = {
			isa = XCBuildConfiguration;
			buildSettings = {
				ALWAYS_SEARCH_USER_PATHS = NO;
				CLANG_CXX_LANGUAGE_STANDARD = "gnu++0x";
				CLANG_CXX_LIBRARY = "libc++";
				CLANG_ENABLE_MODULES = YES;
				CLANG_ENABLE_OBJC_ARC = YES;
				CLANG_WARN_BOOL_CONVERSION = YES;
				CLANG_WARN_CONSTANT_CONVERSION = YES;
				CLANG_WARN_DIRECT_OBJC_ISA_USAGE = YES_ERROR;
				CLANG_WARN_EMPTY_BODY = YES;
				CLANG_WARN_ENUM_CONVERSION = YES;
				CLANG_WARN_INT_CONVERSION = YES;
				CLANG_WARN_OBJC_ROOT_CLASS = YES_ERROR;
				CLANG_WARN_UNREACHABLE_CODE = YES;
				CLANG_WARN__DUPLICATE_METHOD_MATCH = YES;
				"CODE_SIGN_IDENTITY[sdk=iphoneos*]" = "iPhone Developer";
				COPY_PHASE_STRIP = NO;
				ENABLE_STRICT_OBJC_MSGSEND = YES;
				GCC_C_LANGUAGE_STANDARD = gnu99;
				GCC_DYNAMIC_NO_PIC = NO;
				GCC_OPTIMIZATION_LEVEL = 0;
				GCC_PREPROCESSOR_DEFINITIONS = (
					"DEBUG=1",
					"$(inherited)",
				);
				GCC_SYMBOLS_PRIVATE_EXTERN = NO;
				GCC_WARN_64_TO_32_BIT_CONVERSION = YES;
				GCC_WARN_ABOUT_RETURN_TYPE = YES_ERROR;
				GCC_WARN_UNDECLARED_SELECTOR = YES;
				GCC_WARN_UNINITIALIZED_AUTOS = YES_AGGRESSIVE;
				GCC_WARN_UNUSED_FUNCTION = YES;
				GCC_WARN_UNUSED_VARIABLE = YES;
				IPHONEOS_DEPLOYMENT_TARGET = 8.1;
				MTL_ENABLE_DEBUG_INFO = YES;
				ONLY_ACTIVE_ARCH = YES;
				SDKROOT = iphoneos;
			};
			name = Debug;
		};
		C5BC0FA31ADBA6C2001B9D3A /* Release */ = {
			isa = XCBuildConfiguration;
			buildSettings = {
				ALWAYS_SEARCH_USER_PATHS = NO;
				CLANG_CXX_LANGUAGE_STANDARD = "gnu++0x";
				CLANG_CXX_LIBRARY = "libc++";
				CLANG_ENABLE_MODULES = YES;
				CLANG_ENABLE_OBJC_ARC = YES;
				CLANG_WARN_BOOL_CONVERSION = YES;
				CLANG_WARN_CONSTANT_CONVERSION = YES;
				CLANG_WARN_DIRECT_OBJC_ISA_USAGE = YES_ERROR;
				CLANG_WARN_EMPTY_BODY = YES;
				CLANG_WARN_ENUM_CONVERSION = YES;
				CLANG_WARN_INT_CONVERSION = YES;
				CLANG_WARN_OBJC_ROOT_CLASS = YES_ERROR;
				CLANG_WARN_UNREACHABLE_CODE = YES;
				CLANG_WARN__DUPLICATE_METHOD_MATCH = YES;
				"CODE_SIGN_IDENTITY[sdk=iphoneos*]" = "iPhone Developer";
				COPY_PHASE_STRIP = YES;
				ENABLE_NS_ASSERTIONS = NO;
				ENABLE_STRICT_OBJC_MSGSEND = YES;
				GCC_C_LANGUAGE_STANDARD = gnu99;
				GCC_WARN_64_TO_32_BIT_CONVERSION = YES;
				GCC_WARN_ABOUT_RETURN_TYPE = YES_ERROR;
				GCC_WARN_UNDECLARED_SELECTOR = YES;
				GCC_WARN_UNINITIALIZED_AUTOS = YES_AGGRESSIVE;
				GCC_WARN_UNUSED_FUNCTION = YES;
				GCC_WARN_UNUSED_VARIABLE = YES;
				IPHONEOS_DEPLOYMENT_TARGET = 8.1;
				MTL_ENABLE_DEBUG_INFO = NO;
				SDKROOT = iphoneos;
				VALIDATE_PRODUCT = YES;
			};
			name = Release;
		};
		C5BC0FA51ADBA6C2001B9D3A /* Debug */ = {
			isa = XCBuildConfiguration;
			buildSettings = {
				ASSETCATALOG_COMPILER_APPICON_NAME = AppIcon;
				INFOPLIST_FILE = PHAM_CHI_CONG_TDD/Info.plist;
				LD_RUNPATH_SEARCH_PATHS = "$(inherited) @executable_path/Frameworks";
				PRODUCT_NAME = "$(TARGET_NAME)";
			};
			name = Debug;
		};
		C5BC0FA61ADBA6C2001B9D3A /* Release */ = {
			isa = XCBuildConfiguration;
			buildSettings = {
				ASSETCATALOG_COMPILER_APPICON_NAME = AppIcon;
				INFOPLIST_FILE = PHAM_CHI_CONG_TDD/Info.plist;
				LD_RUNPATH_SEARCH_PATHS = "$(inherited) @executable_path/Frameworks";
				PRODUCT_NAME = "$(TARGET_NAME)";
			};
			name = Release;
		};
		C5BC0FA81ADBA6C2001B9D3A /* Debug */ = {
			isa = XCBuildConfiguration;
			buildSettings = {
				BUNDLE_LOADER = "$(TEST_HOST)";
				FRAMEWORK_SEARCH_PATHS = (
					"$(SDKROOT)/Developer/Library/Frameworks",
					"$(inherited)",
				);
				GCC_PREPROCESSOR_DEFINITIONS = (
					"DEBUG=1",
					"$(inherited)",
				);
				INFOPLIST_FILE = PHAM_CHI_CONG_TDDTests/Info.plist;
				LD_RUNPATH_SEARCH_PATHS = "$(inherited) @executable_path/Frameworks @loader_path/Frameworks";
				PRODUCT_NAME = "$(TARGET_NAME)";
				TEST_HOST = "$(BUILT_PRODUCTS_DIR)/PHAM_CHI_CONG_TDD.app/PHAM_CHI_CONG_TDD";
			};
			name = Debug;
		};
		C5BC0FA91ADBA6C2001B9D3A /* Release */ = {
			isa = XCBuildConfiguration;
			buildSettings = {
				BUNDLE_LOADER = "$(TEST_HOST)";
				FRAMEWORK_SEARCH_PATHS = (
					"$(SDKROOT)/Developer/Library/Frameworks",
					"$(inherited)",
				);
				INFOPLIST_FILE = PHAM_CHI_CONG_TDDTests/Info.plist;
				LD_RUNPATH_SEARCH_PATHS = "$(inherited) @executable_path/Frameworks @loader_path/Frameworks";
				PRODUCT_NAME = "$(TARGET_NAME)";
				TEST_HOST = "$(BUILT_PRODUCTS_DIR)/PHAM_CHI_CONG_TDD.app/PHAM_CHI_CONG_TDD";
			};
			name = Release;
		};
/* End XCBuildConfiguration section */

/* Begin XCConfigurationList section */
		C5BC0F7C1ADBA6C1001B9D3A /* Build configuration list for PBXProject "PHAM_CHI_CONG_TDD" */ = {
			isa = XCConfigurationList;
			buildConfigurations = (
				C5BC0FA21ADBA6C2001B9D3A /* Debug */,
				C5BC0FA31ADBA6C2001B9D3A /* Release */,
			);
			defaultConfigurationIsVisible = 0;
			defaultConfigurationName = Release;
		};
		C5BC0FA41ADBA6C2001B9D3A /* Build configuration list for PBXNativeTarget "PHAM_CHI_CONG_TDD" */ = {
			isa = XCConfigurationList;
			buildConfigurations = (
				C5BC0FA51ADBA6C2001B9D3A /* Debug */,
				C5BC0FA61ADBA6C2001B9D3A /* Release */,
			);
			defaultConfigurationIsVisible = 0;
		};
		C5BC0FA71ADBA6C2001B9D3A /* Build configuration list for PBXNativeTarget "PHAM_CHI_CONG_TDDTests" */ = {
			isa = XCConfigurationList;
			buildConfigurations = (
				C5BC0FA81ADBA6C2001B9D3A /* Debug */,
				C5BC0FA91ADBA6C2001B9D3A /* Release */,
			);
			defaultConfigurationIsVisible = 0;
		};
/* End XCConfigurationList section */
	};
	rootObject = C5BC0F791ADBA6C1001B9D3A /* Project object */;
}
